// !$*UTF8*$!
{
	archiveVersion = 1;
	classes = {
	};
	objectVersion = 46;
	objects = {

/* Begin PBXBuildFile section */
		C9AD36481AFBE65E008ADCFA /* AppDelegate.swift in Sources */ = {isa = PBXBuildFile; fileRef = C9AD36471AFBE65E008ADCFA /* AppDelegate.swift */; };
		C9AD364A1AFBE65E008ADCFA /* ViewController.swift in Sources */ = {isa = PBXBuildFile; fileRef = C9AD36491AFBE65E008ADCFA /* ViewController.swift */; };
		C9AD364D1AFBE65E008ADCFA /* Main.storyboard in Resources */ = {isa = PBXBuildFile; fileRef = C9AD364B1AFBE65E008ADCFA /* Main.storyboard */; };
		C9AD364F1AFBE65E008ADCFA /* Images.xcassets in Resources */ = {isa = PBXBuildFile; fileRef = C9AD364E1AFBE65E008ADCFA /* Images.xcassets */; };
		C9AD36521AFBE65E008ADCFA /* LaunchScreen.xib in Resources */ = {isa = PBXBuildFile; fileRef = C9AD36501AFBE65E008ADCFA /* LaunchScreen.xib */; };
		C9AD36691AFBE688008ADCFA /* PersonTests.swift in Sources */ = {isa = PBXBuildFile; fileRef = C9AD36671AFBE688008ADCFA /* PersonTests.swift */; };
		C9AD366A1AFBE688008ADCFA /* SSTestCase.swift in Sources */ = {isa = PBXBuildFile; fileRef = C9AD36681AFBE688008ADCFA /* SSTestCase.swift */; };
		C9AD366C1AFBE697008ADCFA /* Person.swift in Sources */ = {isa = PBXBuildFile; fileRef = C9AD366B1AFBE697008ADCFA /* Person.swift */; };
		C9AD366D1AFBE697008ADCFA /* Person.swift in Sources */ = {isa = PBXBuildFile; fileRef = C9AD366B1AFBE697008ADCFA /* Person.swift */; };
/* End PBXBuildFile section */

/* Begin PBXContainerItemProxy section */
		C9AD36581AFBE65E008ADCFA /* PBXContainerItemProxy */ = {
			isa = PBXContainerItemProxy;
			containerPortal = C9AD363A1AFBE65E008ADCFA /* Project object */;
			proxyType = 1;
			remoteGlobalIDString = C9AD36411AFBE65E008ADCFA;
			remoteInfo = SwiftStub;
		};
/* End PBXContainerItemProxy section */

/* Begin PBXFileReference section */
		C9AD36421AFBE65E008ADCFA /* SwiftStub.app */ = {isa = PBXFileReference; explicitFileType = wrapper.application; includeInIndex = 0; path = SwiftStub.app; sourceTree = BUILT_PRODUCTS_DIR; };
		C9AD36461AFBE65E008ADCFA /* Info.plist */ = {isa = PBXFileReference; lastKnownFileType = text.plist.xml; path = Info.plist; sourceTree = "<group>"; };
		C9AD36471AFBE65E008ADCFA /* AppDelegate.swift */ = {isa = PBXFileReference; lastKnownFileType = sourcecode.swift; path = AppDelegate.swift; sourceTree = "<group>"; };
		C9AD36491AFBE65E008ADCFA /* ViewController.swift */ = {isa = PBXFileReference; lastKnownFileType = sourcecode.swift; path = ViewController.swift; sourceTree = "<group>"; };
		C9AD364C1AFBE65E008ADCFA /* Base */ = {isa = PBXFileReference; lastKnownFileType = file.storyboard; name = Base; path = Base.lproj/Main.storyboard; sourceTree = "<group>"; };
		C9AD364E1AFBE65E008ADCFA /* Images.xcassets */ = {isa = PBXFileReference; lastKnownFileType = folder.assetcatalog; path = Images.xcassets; sourceTree = "<group>"; };
		C9AD36511AFBE65E008ADCFA /* Base */ = {isa = PBXFileReference; lastKnownFileType = file.xib; name = Base; path = Base.lproj/LaunchScreen.xib; sourceTree = "<group>"; };
		C9AD36571AFBE65E008ADCFA /* SwiftStubTests.xctest */ = {isa = PBXFileReference; explicitFileType = wrapper.cfbundle; includeInIndex = 0; path = SwiftStubTests.xctest; sourceTree = BUILT_PRODUCTS_DIR; };
		C9AD365C1AFBE65E008ADCFA /* Info.plist */ = {isa = PBXFileReference; lastKnownFileType = text.plist.xml; path = Info.plist; sourceTree = "<group>"; };
		C9AD36671AFBE688008ADCFA /* PersonTests.swift */ = {isa = PBXFileReference; fileEncoding = 4; lastKnownFileType = sourcecode.swift; path = PersonTests.swift; sourceTree = "<group>"; };
		C9AD36681AFBE688008ADCFA /* SSTestCase.swift */ = {isa = PBXFileReference; fileEncoding = 4; lastKnownFileType = sourcecode.swift; path = SSTestCase.swift; sourceTree = "<group>"; };
		C9AD366B1AFBE697008ADCFA /* Person.swift */ = {isa = PBXFileReference; fileEncoding = 4; lastKnownFileType = sourcecode.swift; path = Person.swift; sourceTree = "<group>"; };
/* End PBXFileReference section */

/* Begin PBXFrameworksBuildPhase section */
		C9AD363F1AFBE65E008ADCFA /* Frameworks */ = {
			isa = PBXFrameworksBuildPhase;
			buildActionMask = 2147483647;
			files = (
			);
			runOnlyForDeploymentPostprocessing = 0;
		};
		C9AD36541AFBE65E008ADCFA /* Frameworks */ = {
			isa = PBXFrameworksBuildPhase;
			buildActionMask = 2147483647;
			files = (
			);
			runOnlyForDeploymentPostprocessing = 0;
		};
/* End PBXFrameworksBuildPhase section */

/* Begin PBXGroup section */
		C9AD36391AFBE65E008ADCFA = {
			isa = PBXGroup;
			children = (
				C9AD36441AFBE65E008ADCFA /* SwiftStub */,
				C9AD365A1AFBE65E008ADCFA /* SwiftStubTests */,
				C9AD36431AFBE65E008ADCFA /* Products */,
			);
			sourceTree = "<group>";
		};
		C9AD36431AFBE65E008ADCFA /* Products */ = {
			isa = PBXGroup;
			children = (
				C9AD36421AFBE65E008ADCFA /* SwiftStub.app */,
				C9AD36571AFBE65E008ADCFA /* SwiftStubTests.xctest */,
			);
			name = Products;
			sourceTree = "<group>";
		};
		C9AD36441AFBE65E008ADCFA /* SwiftStub */ = {
			isa = PBXGroup;
			children = (
				C9AD366B1AFBE697008ADCFA /* Person.swift */,
				C9AD36471AFBE65E008ADCFA /* AppDelegate.swift */,
				C9AD36491AFBE65E008ADCFA /* ViewController.swift */,
				C9AD364B1AFBE65E008ADCFA /* Main.storyboard */,
				C9AD364E1AFBE65E008ADCFA /* Images.xcassets */,
				C9AD36501AFBE65E008ADCFA /* LaunchScreen.xib */,
				C9AD36451AFBE65E008ADCFA /* Supporting Files */,
			);
			path = SwiftStub;
			sourceTree = "<group>";
		};
		C9AD36451AFBE65E008ADCFA /* Supporting Files */ = {
			isa = PBXGroup;
			children = (
				C9AD36461AFBE65E008ADCFA /* Info.plist */,
			);
			name = "Supporting Files";
			sourceTree = "<group>";
		};
		C9AD365A1AFBE65E008ADCFA /* SwiftStubTests */ = {
			isa = PBXGroup;
			children = (
				C9AD36671AFBE688008ADCFA /* PersonTests.swift */,
				C9AD36681AFBE688008ADCFA /* SSTestCase.swift */,
				C9AD365B1AFBE65E008ADCFA /* Supporting Files */,
			);
			path = SwiftStubTests;
			sourceTree = "<group>";
		};
		C9AD365B1AFBE65E008ADCFA /* Supporting Files */ = {
			isa = PBXGroup;
			children = (
				C9AD365C1AFBE65E008ADCFA /* Info.plist */,
			);
			name = "Supporting Files";
			sourceTree = "<group>";
		};
/* End PBXGroup section */

/* Begin PBXNativeTarget section */
		C9AD36411AFBE65E008ADCFA /* SwiftStub */ = {
			isa = PBXNativeTarget;
			buildConfigurationList = C9AD36611AFBE65E008ADCFA /* Build configuration list for PBXNativeTarget "SwiftStub" */;
			buildPhases = (
				C9AD363E1AFBE65E008ADCFA /* Sources */,
				C9AD363F1AFBE65E008ADCFA /* Frameworks */,
				C9AD36401AFBE65E008ADCFA /* Resources */,
			);
			buildRules = (
			);
			dependencies = (
			);
			name = SwiftStub;
			productName = SwiftStub;
			productReference = C9AD36421AFBE65E008ADCFA /* SwiftStub.app */;
			productType = "com.apple.product-type.application";
		};
		C9AD36561AFBE65E008ADCFA /* SwiftStubTests */ = {
			isa = PBXNativeTarget;
			buildConfigurationList = C9AD36641AFBE65E008ADCFA /* Build configuration list for PBXNativeTarget "SwiftStubTests" */;
			buildPhases = (
				C9AD36531AFBE65E008ADCFA /* Sources */,
				C9AD36541AFBE65E008ADCFA /* Frameworks */,
				C9AD36551AFBE65E008ADCFA /* Resources */,
			);
			buildRules = (
			);
			dependencies = (
				C9AD36591AFBE65E008ADCFA /* PBXTargetDependency */,
			);
			name = SwiftStubTests;
			productName = SwiftStubTests;
			productReference = C9AD36571AFBE65E008ADCFA /* SwiftStubTests.xctest */;
			productType = "com.apple.product-type.bundle.unit-test";
		};
/* End PBXNativeTarget section */

/* Begin PBXProject section */
		C9AD363A1AFBE65E008ADCFA /* Project object */ = {
			isa = PBXProject;
			attributes = {
				LastUpgradeCheck = 0630;
				ORGANIZATIONNAME = "Digital Ice Ltd";
				TargetAttributes = {
					C9AD36411AFBE65E008ADCFA = {
						CreatedOnToolsVersion = 6.3.1;
					};
					C9AD36561AFBE65E008ADCFA = {
						CreatedOnToolsVersion = 6.3.1;
						TestTargetID = C9AD36411AFBE65E008ADCFA;
					};
				};
			};
			buildConfigurationList = C9AD363D1AFBE65E008ADCFA /* Build configuration list for PBXProject "SwiftStub" */;
			compatibilityVersion = "Xcode 3.2";
			developmentRegion = English;
			hasScannedForEncodings = 0;
			knownRegions = (
				en,
				Base,
			);
			mainGroup = C9AD36391AFBE65E008ADCFA;
			productRefGroup = C9AD36431AFBE65E008ADCFA /* Products */;
			projectDirPath = "";
			projectRoot = "";
			targets = (
				C9AD36411AFBE65E008ADCFA /* SwiftStub */,
				C9AD36561AFBE65E008ADCFA /* SwiftStubTests */,
			);
		};
/* End PBXProject section */

/* Begin PBXResourcesBuildPhase section */
		C9AD36401AFBE65E008ADCFA /* Resources */ = {
			isa = PBXResourcesBuildPhase;
			buildActionMask = 2147483647;
			files = (
				C9AD364D1AFBE65E008ADCFA /* Main.storyboard in Resources */,
				C9AD36521AFBE65E008ADCFA /* LaunchScreen.xib in Resources */,
				C9AD364F1AFBE65E008ADCFA /* Images.xcassets in Resources */,
			);
			runOnlyForDeploymentPostprocessing = 0;
		};
		C9AD36551AFBE65E008ADCFA /* Resources */ = {
			isa = PBXResourcesBuildPhase;
			buildActionMask = 2147483647;
			files = (
			);
			runOnlyForDeploymentPostprocessing = 0;
		};
/* End PBXResourcesBuildPhase section */

/* Begin PBXSourcesBuildPhase section */
		C9AD363E1AFBE65E008ADCFA /* Sources */ = {
			isa = PBXSourcesBuildPhase;
			buildActionMask = 2147483647;
			files = (
				C9AD366C1AFBE697008ADCFA /* Person.swift in Sources */,
				C9AD364A1AFBE65E008ADCFA /* ViewController.swift in Sources */,
				C9AD36481AFBE65E008ADCFA /* AppDelegate.swift in Sources */,
			);
			runOnlyForDeploymentPostprocessing = 0;
		};
		C9AD36531AFBE65E008ADCFA /* Sources */ = {
			isa = PBXSourcesBuildPhase;
			buildActionMask = 2147483647;
			files = (
				C9AD366D1AFBE697008ADCFA /* Person.swift in Sources */,
				C9AD366A1AFBE688008ADCFA /* SSTestCase.swift in Sources */,
				C9AD36691AFBE688008ADCFA /* PersonTests.swift in Sources */,
			);
			runOnlyForDeploymentPostprocessing = 0;
		};
/* End PBXSourcesBuildPhase section */

/* Begin PBXTargetDependency section */
		C9AD36591AFBE65E008ADCFA /* PBXTargetDependency */ = {
			isa = PBXTargetDependency;
			target = C9AD36411AFBE65E008ADCFA /* SwiftStub */;
			targetProxy = C9AD36581AFBE65E008ADCFA /* PBXContainerItemProxy */;
		};
/* End PBXTargetDependency section */

/* Begin PBXVariantGroup section */
		C9AD364B1AFBE65E008ADCFA /* Main.storyboard */ = {
			isa = PBXVariantGroup;
			children = (
				C9AD364C1AFBE65E008ADCFA /* Base */,
			);
			name = Main.storyboard;
			sourceTree = "<group>";
		};
		C9AD36501AFBE65E008ADCFA /* LaunchScreen.xib */ = {
			isa = PBXVariantGroup;
			children = (
				C9AD36511AFBE65E008ADCFA /* Base */,
			);
			name = LaunchScreen.xib;
			sourceTree = "<group>";
		};
/* End PBXVariantGroup section */

/* Begin XCBuildConfiguration section */
		C9AD365F1AFBE65E008ADCFA /* Debug */ = {
			isa = XCBuildConfiguration;
			buildSettings = {
				ALWAYS_SEARCH_USER_PATHS = NO;
				CLANG_CXX_LANGUAGE_STANDARD = "gnu++0x";
				CLANG_CXX_LIBRARY = "libc++";
				CLANG_ENABLE_MODULES = YES;
				CLANG_ENABLE_OBJC_ARC = YES;
				CLANG_WARN_BOOL_CONVERSION = YES;
				CLANG_WARN_CONSTANT_CONVERSION = YES;
				CLANG_WARN_DIRECT_OBJC_ISA_USAGE = YES_ERROR;
				CLANG_WARN_EMPTY_BODY = YES;
				CLANG_WARN_ENUM_CONVERSION = YES;
				CLANG_WARN_INT_CONVERSION = YES;
				CLANG_WARN_OBJC_ROOT_CLASS = YES_ERROR;
				CLANG_WARN_UNREACHABLE_CODE = YES;
				CLANG_WARN__DUPLICATE_METHOD_MATCH = YES;
				"CODE_SIGN_IDENTITY[sdk=iphoneos*]" = "iPhone Developer";
				COPY_PHASE_STRIP = NO;
				DEBUG_INFORMATION_FORMAT = "dwarf-with-dsym";
				ENABLE_STRICT_OBJC_MSGSEND = YES;
				GCC_C_LANGUAGE_STANDARD = gnu99;
				GCC_DYNAMIC_NO_PIC = NO;
				GCC_NO_COMMON_BLOCKS = YES;
				GCC_OPTIMIZATION_LEVEL = 0;
				GCC_PREPROCESSOR_DEFINITIONS = (
					"DEBUG=1",
					"$(inherited)",
				);
				GCC_SYMBOLS_PRIVATE_EXTERN = NO;
				GCC_WARN_64_TO_32_BIT_CONVERSION = YES;
				GCC_WARN_ABOUT_RETURN_TYPE = YES_ERROR;
				GCC_WARN_UNDECLARED_SELECTOR = YES;
				GCC_WARN_UNINITIALIZED_AUTOS = YES_AGGRESSIVE;
				GCC_WARN_UNUSED_FUNCTION = YES;
				GCC_WARN_UNUSED_VARIABLE = YES;
				IPHONEOS_DEPLOYMENT_TARGET = 8.3;
				MTL_ENABLE_DEBUG_INFO = YES;
				ONLY_ACTIVE_ARCH = YES;
				SDKROOT = iphoneos;
				SWIFT_OPTIMIZATION_LEVEL = "-Onone";
			};
			name = Debug;
		};
		C9AD36601AFBE65E008ADCFA /* Release */ = {
			isa = XCBuildConfiguration;
			buildSettings = {
				ALWAYS_SEARCH_USER_PATHS = NO;
				CLANG_CXX_LANGUAGE_STANDARD = "gnu++0x";
				CLANG_CXX_LIBRARY = "libc++";
				CLANG_ENABLE_MODULES = YES;
				CLANG_ENABLE_OBJC_ARC = YES;
				CLANG_WARN_BOOL_CONVERSION = YES;
				CLANG_WARN_CONSTANT_CONVERSION = YES;
				CLANG_WARN_DIRECT_OBJC_ISA_USAGE = YES_ERROR;
				CLANG_WARN_EMPTY_BODY = YES;
				CLANG_WARN_ENUM_CONVERSION = YES;
				CLANG_WARN_INT_CONVERSION = YES;
				CLANG_WARN_OBJC_ROOT_CLASS = YES_ERROR;
				CLANG_WARN_UNREACHABLE_CODE = YES;
				CLANG_WARN__DUPLICATE_METHOD_MATCH = YES;
				"CODE_SIGN_IDENTITY[sdk=iphoneos*]" = "iPhone Developer";
				COPY_PHASE_STRIP = NO;
				DEBUG_INFORMATION_FORMAT = "dwarf-with-dsym";
				ENABLE_NS_ASSERTIONS = NO;
				ENABLE_STRICT_OBJC_MSGSEND = YES;
				GCC_C_LANGUAGE_STANDARD = gnu99;
				GCC_NO_COMMON_BLOCKS = YES;
				GCC_WARN_64_TO_32_BIT_CONVERSION = YES;
				GCC_WARN_ABOUT_RETURN_TYPE = YES_ERROR;
				GCC_WARN_UNDECLARED_SELECTOR = YES;
				GCC_WARN_UNINITIALIZED_AUTOS = YES_AGGRESSIVE;
				GCC_WARN_UNUSED_FUNCTION = YES;
				GCC_WARN_UNUSED_VARIABLE = YES;
				IPHONEOS_DEPLOYMENT_TARGET = 8.3;
				MTL_ENABLE_DEBUG_INFO = NO;
				SDKROOT = iphoneos;
				VALIDATE_PRODUCT = YES;
			};
			name = Release;
		};
		C9AD36621AFBE65E008ADCFA /* Debug */ = {
			isa = XCBuildConfiguration;
			buildSettings = {
				ASSETCATALOG_COMPILER_APPICON_NAME = AppIcon;
				INFOPLIST_FILE = SwiftStub/Info.plist;
				LD_RUNPATH_SEARCH_PATHS = "$(inherited) @executable_path/Frameworks";
				PRODUCT_NAME = "$(TARGET_NAME)";
			};
			name = Debug;
		};
		C9AD36631AFBE65E008ADCFA /* Release */ = {
			isa = XCBuildConfiguration;
			buildSettings = {
				ASSETCATALOG_COMPILER_APPICON_NAME = AppIcon;
				INFOPLIST_FILE = SwiftStub/Info.plist;
				LD_RUNPATH_SEARCH_PATHS = "$(inherited) @executable_path/Frameworks";
				PRODUCT_NAME = "$(TARGET_NAME)";
			};
			name = Release;
		};
		C9AD36651AFBE65E008ADCFA /* Debug */ = {
			isa = XCBuildConfiguration;
			buildSettings = {
				BUNDLE_LOADER = "$(TEST_HOST)";
				FRAMEWORK_SEARCH_PATHS = (
					"$(SDKROOT)/Developer/Library/Frameworks",
					"$(inherited)",
				);
				GCC_PREPROCESSOR_DEFINITIONS = (
					"DEBUG=1",
					"$(inherited)",
				);
				INFOPLIST_FILE = SwiftStubTests/Info.plist;
				LD_RUNPATH_SEARCH_PATHS = "$(inherited) @executable_path/Frameworks @loader_path/Frameworks";
				PRODUCT_NAME = "$(TARGET_NAME)";
				TEST_HOST = "$(BUILT_PRODUCTS_DIR)/SwiftStub.app/SwiftStub";
			};
			name = Debug;
		};
		C9AD36661AFBE65E008ADCFA /* Release */ = {
			isa = XCBuildConfiguration;
			buildSettings = {
				BUNDLE_LOADER = "$(TEST_HOST)";
				FRAMEWORK_SEARCH_PATHS = (
					"$(SDKROOT)/Developer/Library/Frameworks",
					"$(inherited)",
				);
				INFOPLIST_FILE = SwiftStubTests/Info.plist;
				LD_RUNPATH_SEARCH_PATHS = "$(inherited) @executable_path/Frameworks @loader_path/Frameworks";
				PRODUCT_NAME = "$(TARGET_NAME)";
				TEST_HOST = "$(BUILT_PRODUCTS_DIR)/SwiftStub.app/SwiftStub";
			};
			name = Release;
		};
/* End XCBuildConfiguration section */

/* Begin XCConfigurationList section */
		C9AD363D1AFBE65E008ADCFA /* Build configuration list for PBXProject "SwiftStub" */ = {
			isa = XCConfigurationList;
			buildConfigurations = (
				C9AD365F1AFBE65E008ADCFA /* Debug */,
				C9AD36601AFBE65E008ADCFA /* Release */,
			);
			defaultConfigurationIsVisible = 0;
			defaultConfigurationName = Release;
		};
		C9AD36611AFBE65E008ADCFA /* Build configuration list for PBXNativeTarget "SwiftStub" */ = {
			isa = XCConfigurationList;
			buildConfigurations = (
				C9AD36621AFBE65E008ADCFA /* Debug */,
				C9AD36631AFBE65E008ADCFA /* Release */,
			);
			defaultConfigurationIsVisible = 0;
		};
		C9AD36641AFBE65E008ADCFA /* Build configuration list for PBXNativeTarget "SwiftStubTests" */ = {
			isa = XCConfigurationList;
			buildConfigurations = (
				C9AD36651AFBE65E008ADCFA /* Debug */,
				C9AD36661AFBE65E008ADCFA /* Release */,
			);
			defaultConfigurationIsVisible = 0;
		};
/* End XCConfigurationList section */
	};
	rootObject = C9AD363A1AFBE65E008ADCFA /* Project object */;
}
